
Microsoft Visual Studio Solution File, Format Version 12.00
# Visual Studio Version 17
VisualStudioVersion = 17.11.35327.3
MinimumVisualStudioVersion = 10.0.40219.1
Project("{FAE04EC0-301F-11D3-BF4B-00C04F79EFBC}") = "LABB4_Generics_SUT24", "LABB4_Generics_SUT24.csproj", "{7A62CE31-11B4-47B0-B542-DDBAF077DEF6}"
EndProject
Global
	GlobalSection(SolutionConfigurationPlatforms) = preSolution
		Debug|Any CPU = Debug|Any CPU
		Release|Any CPU = Release|Any CPU
	EndGlobalSection
	GlobalSection(ProjectConfigurationPlatforms) = postSolution
		{7A62CE31-11B4-47B0-B542-DDBAF077DEF6}.Debug|Any CPU.ActiveCfg = Debug|Any CPU
		{7A62CE31-11B4-47B0-B542-DDBAF077DEF6}.Debug|Any CPU.Build.0 = Debug|Any CPU
		{7A62CE31-11B4-47B0-B542-DDBAF077DEF6}.Release|Any CPU.ActiveCfg = Release|Any CPU
		{7A62CE31-11B4-47B0-B542-DDBAF077DEF6}.Release|Any CPU.Build.0 = Release|Any CPU
	EndGlobalSection
	GlobalSection(SolutionProperties) = preSolution
		HideSolutionNode = FALSE
	EndGlobalSection
	GlobalSection(ExtensibilityGlobals) = postSolution
		SolutionGuid = {35B7ED69-3668-4A79-9369-38E5A92046DD}
	EndGlobalSection
EndGlobal
